// !$*UTF8*$!
{
	archiveVersion = 1;
	classes = {
	};
	objectVersion = 77;
	objects = {

/* Begin PBXBuildFile section */
		FD5267EA2E894E2700D4D18C /* Kingfisher in Frameworks */ = {isa = PBXBuildFile; productRef = FD5267E92E894E2700D4D18C /* Kingfisher */; };
/* End PBXBuildFile section */

/* Begin PBXContainerItemProxy section */
		FD5267702E89358600D4D18C /* PBXContainerItemProxy */ = {
			isa = PBXContainerItemProxy;
			containerPortal = FD5267552E89358400D4D18C /* Project object */;
			proxyType = 1;
			remoteGlobalIDString = FD52675C2E89358400D4D18C;
			remoteInfo = PaulDemo;
		};
		FD52677A2E89358600D4D18C /* PBXContainerItemProxy */ = {
			isa = PBXContainerItemProxy;
			containerPortal = FD5267552E89358400D4D18C /* Project object */;
			proxyType = 1;
			remoteGlobalIDString = FD52675C2E89358400D4D18C;
			remoteInfo = PaulDemo;
		};
/* End PBXContainerItemProxy section */

/* Begin PBXFileReference section */
		FD52675D2E89358400D4D18C /* PaulDemo.app */ = {isa = PBXFileReference; explicitFileType = wrapper.application; includeInIndex = 0; path = PaulDemo.app; sourceTree = BUILT_PRODUCTS_DIR; };
		FD52676F2E89358600D4D18C /* PaulDemoTests.xctest */ = {isa = PBXFileReference; explicitFileType = wrapper.cfbundle; includeInIndex = 0; path = PaulDemoTests.xctest; sourceTree = BUILT_PRODUCTS_DIR; };
		FD5267792E89358600D4D18C /* PaulDemoUITests.xctest */ = {isa = PBXFileReference; explicitFileType = wrapper.cfbundle; includeInIndex = 0; path = PaulDemoUITests.xctest; sourceTree = BUILT_PRODUCTS_DIR; };
/* End PBXFileReference section */

/* Begin PBXFileSystemSynchronizedBuildFileExceptionSet section */
		FD5268592E8B521500D4D18C /* Exceptions for "PaulDemo" folder in "PaulDemoTests" target */ = {
			isa = PBXFileSystemSynchronizedBuildFileExceptionSet;
			membershipExceptions = (
				Data/Sevices/API/MovieResponse.swift,
				Data/Sevices/API/NetworkError.swift,
				Data/Sevices/Services.swift,
				Domain/Entities/MovieDetail.swift,
				Domain/Entities/Movies.swift,
				Domain/RepositoryProtocols/MovieRepository.swift,
				Domain/UseCases/GetMovieDetailUseCase.swift,
				Presentation/DetailView/MovieDetailViewModel.swift,
			);
			target = FD52676E2E89358600D4D18C /* PaulDemoTests */;
		};
/* End PBXFileSystemSynchronizedBuildFileExceptionSet section */

/* Begin PBXFileSystemSynchronizedRootGroup section */
		FD52675F2E89358400D4D18C /* PaulDemo */ = {
			isa = PBXFileSystemSynchronizedRootGroup;
			exceptions = (
				FD5268592E8B521500D4D18C /* Exceptions for "PaulDemo" folder in "PaulDemoTests" target */,
			);
			path = PaulDemo;
			sourceTree = "<group>";
		};
		FD5267722E89358600D4D18C /* PaulDemoTests */ = {
			isa = PBXFileSystemSynchronizedRootGroup;
			path = PaulDemoTests;
			sourceTree = "<group>";
		};
		FD52677C2E89358600D4D18C /* PaulDemoUITests */ = {
			isa = PBXFileSystemSynchronizedRootGroup;
			path = PaulDemoUITests;
			sourceTree = "<group>";
		};
/* End PBXFileSystemSynchronizedRootGroup section */

/* Begin PBXFrameworksBuildPhase section */
		FD52675A2E89358400D4D18C /* Frameworks */ = {
			isa = PBXFrameworksBuildPhase;
			buildActionMask = 2147483647;
			files = (
				FD5267EA2E894E2700D4D18C /* Kingfisher in Frameworks */,
			);
			runOnlyForDeploymentPostprocessing = 0;
		};
		FD52676C2E89358600D4D18C /* Frameworks */ = {
			isa = PBXFrameworksBuildPhase;
			buildActionMask = 2147483647;
			files = (
			);
			runOnlyForDeploymentPostprocessing = 0;
		};
		FD5267762E89358600D4D18C /* Frameworks */ = {
			isa = PBXFrameworksBuildPhase;
			buildActionMask = 2147483647;
			files = (
			);
			runOnlyForDeploymentPostprocessing = 0;
		};
/* End PBXFrameworksBuildPhase section */

/* Begin PBXGroup section */
		FD5267542E89358400D4D18C = {
			isa = PBXGroup;
			children = (
				FD52675F2E89358400D4D18C /* PaulDemo */,
				FD5267722E89358600D4D18C /* PaulDemoTests */,
				FD52677C2E89358600D4D18C /* PaulDemoUITests */,
				FD52675E2E89358400D4D18C /* Products */,
			);
			sourceTree = "<group>";
		};
		FD52675E2E89358400D4D18C /* Products */ = {
			isa = PBXGroup;
			children = (
				FD52675D2E89358400D4D18C /* PaulDemo.app */,
				FD52676F2E89358600D4D18C /* PaulDemoTests.xctest */,
				FD5267792E89358600D4D18C /* PaulDemoUITests.xctest */,
			);
			name = Products;
			sourceTree = "<group>";
		};
/* End PBXGroup section */

/* Begin PBXNativeTarget section */
		FD52675C2E89358400D4D18C /* PaulDemo */ = {
			isa = PBXNativeTarget;
			buildConfigurationList = FD5267832E89358600D4D18C /* Build configuration list for PBXNativeTarget "PaulDemo" */;
			buildPhases = (
				FD5267592E89358400D4D18C /* Sources */,
				FD52675A2E89358400D4D18C /* Frameworks */,
				FD52675B2E89358400D4D18C /* Resources */,
			);
			buildRules = (
			);
			dependencies = (
			);
			fileSystemSynchronizedGroups = (
				FD52675F2E89358400D4D18C /* PaulDemo */,
			);
			name = PaulDemo;
			packageProductDependencies = (
				FD5267E92E894E2700D4D18C /* Kingfisher */,
			);
			productName = PaulDemo;
			productReference = FD52675D2E89358400D4D18C /* PaulDemo.app */;
			productType = "com.apple.product-type.application";
		};
		FD52676E2E89358600D4D18C /* PaulDemoTests */ = {
			isa = PBXNativeTarget;
			buildConfigurationList = FD5267862E89358600D4D18C /* Build configuration list for PBXNativeTarget "PaulDemoTests" */;
			buildPhases = (
				FD52676B2E89358600D4D18C /* Sources */,
				FD52676C2E89358600D4D18C /* Frameworks */,
				FD52676D2E89358600D4D18C /* Resources */,
			);
			buildRules = (
			);
			dependencies = (
				FD5267712E89358600D4D18C /* PBXTargetDependency */,
			);
			fileSystemSynchronizedGroups = (
				FD5267722E89358600D4D18C /* PaulDemoTests */,
			);
			name = PaulDemoTests;
			packageProductDependencies = (
			);
			productName = PaulDemoTests;
			productReference = FD52676F2E89358600D4D18C /* PaulDemoTests.xctest */;
			productType = "com.apple.product-type.bundle.unit-test";
		};
		FD5267782E89358600D4D18C /* PaulDemoUITests */ = {
			isa = PBXNativeTarget;
			buildConfigurationList = FD5267892E89358600D4D18C /* Build configuration list for PBXNativeTarget "PaulDemoUITests" */;
			buildPhases = (
				FD5267752E89358600D4D18C /* Sources */,
				FD5267762E89358600D4D18C /* Frameworks */,
				FD5267772E89358600D4D18C /* Resources */,
			);
			buildRules = (
			);
			dependencies = (
				FD52677B2E89358600D4D18C /* PBXTargetDependency */,
			);
			fileSystemSynchronizedGroups = (
				FD52677C2E89358600D4D18C /* PaulDemoUITests */,
			);
			name = PaulDemoUITests;
			packageProductDependencies = (
			);
			productName = PaulDemoUITests;
			productReference = FD5267792E89358600D4D18C /* PaulDemoUITests.xctest */;
			productType = "com.apple.product-type.bundle.ui-testing";
		};
/* End PBXNativeTarget section */

/* Begin PBXProject section */
		FD5267552E89358400D4D18C /* Project object */ = {
			isa = PBXProject;
			attributes = {
				BuildIndependentTargetsInParallel = 1;
				LastSwiftUpdateCheck = 1640;
				LastUpgradeCheck = 1640;
				TargetAttributes = {
					FD52675C2E89358400D4D18C = {
						CreatedOnToolsVersion = 16.4;
					};
					FD52676E2E89358600D4D18C = {
						CreatedOnToolsVersion = 16.4;
						TestTargetID = FD52675C2E89358400D4D18C;
					};
					FD5267782E89358600D4D18C = {
						CreatedOnToolsVersion = 16.4;
						TestTargetID = FD52675C2E89358400D4D18C;
					};
				};
			};
			buildConfigurationList = FD5267582E89358400D4D18C /* Build configuration list for PBXProject "PaulDemo" */;
			developmentRegion = en;
			hasScannedForEncodings = 0;
			knownRegions = (
				en,
				Base,
			);
			mainGroup = FD5267542E89358400D4D18C;
			minimizedProjectReferenceProxies = 1;
			packageReferences = (
				FD5267E82E894DEA00D4D18C /* XCRemoteSwiftPackageReference "Kingfisher" */,
			);
			preferredProjectObjectVersion = 77;
			productRefGroup = FD52675E2E89358400D4D18C /* Products */;
			projectDirPath = "";
			projectRoot = "";
			targets = (
				FD52675C2E89358400D4D18C /* PaulDemo */,
				FD52676E2E89358600D4D18C /* PaulDemoTests */,
				FD5267782E89358600D4D18C /* PaulDemoUITests */,
			);
		};
/* End PBXProject section */

/* Begin PBXResourcesBuildPhase section */
		FD52675B2E89358400D4D18C /* Resources */ = {
			isa = PBXResourcesBuildPhase;
			buildActionMask = 2147483647;
			files = (
			);
			runOnlyForDeploymentPostprocessing = 0;
		};
		FD52676D2E89358600D4D18C /* Resources */ = {
			isa = PBXResourcesBuildPhase;
			buildActionMask = 2147483647;
			files = (
			);
			runOnlyForDeploymentPostprocessing = 0;
		};
		FD5267772E89358600D4D18C /* Resources */ = {
			isa = PBXResourcesBuildPhase;
			buildActionMask = 2147483647;
			files = (
			);
			runOnlyForDeploymentPostprocessing = 0;
		};
/* End PBXResourcesBuildPhase section */

/* Begin PBXSourcesBuildPhase section */
		FD5267592E89358400D4D18C /* Sources */ = {
			isa = PBXSourcesBuildPhase;
			buildActionMask = 2147483647;
			files = (
			);
			runOnlyForDeploymentPostprocessing = 0;
		};
		FD52676B2E89358600D4D18C /* Sources */ = {
			isa = PBXSourcesBuildPhase;
			buildActionMask = 2147483647;
			files = (
			);
			runOnlyForDeploymentPostprocessing = 0;
		};
		FD5267752E89358600D4D18C /* Sources */ = {
			isa = PBXSourcesBuildPhase;
			buildActionMask = 2147483647;
			files = (
			);
			runOnlyForDeploymentPostprocessing = 0;
		};
/* End PBXSourcesBuildPhase section */

/* Begin PBXTargetDependency section */
		FD5267712E89358600D4D18C /* PBXTargetDependency */ = {
			isa = PBXTargetDependency;
			target = FD52675C2E89358400D4D18C /* PaulDemo */;
			targetProxy = FD5267702E89358600D4D18C /* PBXContainerItemProxy */;
		};
		FD52677B2E89358600D4D18C /* PBXTargetDependency */ = {
			isa = PBXTargetDependency;
			target = FD52675C2E89358400D4D18C /* PaulDemo */;
			targetProxy = FD52677A2E89358600D4D18C /* PBXContainerItemProxy */;
		};
/* End PBXTargetDependency section */

/* Begin XCBuildConfiguration section */
		FD5267812E89358600D4D18C /* Debug */ = {
			isa = XCBuildConfiguration;
			buildSettings = {
				ALWAYS_SEARCH_USER_PATHS = NO;
				ASSETCATALOG_COMPILER_GENERATE_SWIFT_ASSET_SYMBOL_EXTENSIONS = YES;
				CLANG_ANALYZER_NONNULL = YES;
				CLANG_ANALYZER_NUMBER_OBJECT_CONVERSION = YES_AGGRESSIVE;
				CLANG_CXX_LANGUAGE_STANDARD = "gnu++20";
				CLANG_ENABLE_MODULES = YES;
				CLANG_ENABLE_OBJC_ARC = YES;
				CLANG_ENABLE_OBJC_WEAK = YES;
				CLANG_WARN_BLOCK_CAPTURE_AUTORELEASING = YES;
				CLANG_WARN_BOOL_CONVERSION = YES;
				CLANG_WARN_COMMA = YES;
				CLANG_WARN_CONSTANT_CONVERSION = YES;
				CLANG_WARN_DEPRECATED_OBJC_IMPLEMENTATIONS = YES;
				CLANG_WARN_DIRECT_OBJC_ISA_USAGE = YES_ERROR;
				CLANG_WARN_DOCUMENTATION_COMMENTS = YES;
				CLANG_WARN_EMPTY_BODY = YES;
				CLANG_WARN_ENUM_CONVERSION = YES;
				CLANG_WARN_INFINITE_RECURSION = YES;
				CLANG_WARN_INT_CONVERSION = YES;
				CLANG_WARN_NON_LITERAL_NULL_CONVERSION = YES;
				CLANG_WARN_OBJC_IMPLICIT_RETAIN_SELF = YES;
				CLANG_WARN_OBJC_LITERAL_CONVERSION = YES;
				CLANG_WARN_OBJC_ROOT_CLASS = YES_ERROR;
				CLANG_WARN_QUOTED_INCLUDE_IN_FRAMEWORK_HEADER = YES;
				CLANG_WARN_RANGE_LOOP_ANALYSIS = YES;
				CLANG_WARN_STRICT_PROTOTYPES = YES;
				CLANG_WARN_SUSPICIOUS_MOVE = YES;
				CLANG_WARN_UNGUARDED_AVAILABILITY = YES_AGGRESSIVE;
				CLANG_WARN_UNREACHABLE_CODE = YES;
				CLANG_WARN__DUPLICATE_METHOD_MATCH = YES;
				COPY_PHASE_STRIP = NO;
				DEBUG_INFORMATION_FORMAT = dwarf;
				DEVELOPMENT_TEAM = Y65P3F9A9C;
				ENABLE_STRICT_OBJC_MSGSEND = YES;
				ENABLE_TESTABILITY = YES;
				ENABLE_USER_SCRIPT_SANDBOXING = YES;
				GCC_C_LANGUAGE_STANDARD = gnu17;
				GCC_DYNAMIC_NO_PIC = NO;
				GCC_NO_COMMON_BLOCKS = YES;
				GCC_OPTIMIZATION_LEVEL = 0;
				GCC_PREPROCESSOR_DEFINITIONS = (
					"DEBUG=1",
					"$(inherited)",
				);
				GCC_WARN_64_TO_32_BIT_CONVERSION = YES;
				GCC_WARN_ABOUT_RETURN_TYPE = YES_ERROR;
				GCC_WARN_UNDECLARED_SELECTOR = YES;
				GCC_WARN_UNINITIALIZED_AUTOS = YES_AGGRESSIVE;
				GCC_WARN_UNUSED_FUNCTION = YES;
				GCC_WARN_UNUSED_VARIABLE = YES;
				IPHONEOS_DEPLOYMENT_TARGET = 18.5;
				LOCALIZATION_PREFERS_STRING_CATALOGS = YES;
				MTL_ENABLE_DEBUG_INFO = INCLUDE_SOURCE;
				MTL_FAST_MATH = YES;
				ONLY_ACTIVE_ARCH = YES;
				SDKROOT = iphoneos;
				SWIFT_ACTIVE_COMPILATION_CONDITIONS = "DEBUG $(inherited)";
				SWIFT_OPTIMIZATION_LEVEL = "-Onone";
			};
			name = Debug;
		};
		FD5267822E89358600D4D18C /* Release */ = {
			isa = XCBuildConfiguration;
			buildSettings = {
				ALWAYS_SEARCH_USER_PATHS = NO;
				ASSETCATALOG_COMPILER_GENERATE_SWIFT_ASSET_SYMBOL_EXTENSIONS = YES;
				CLANG_ANALYZER_NONNULL = YES;
				CLANG_ANALYZER_NUMBER_OBJECT_CONVERSION = YES_AGGRESSIVE;
				CLANG_CXX_LANGUAGE_STANDARD = "gnu++20";
				CLANG_ENABLE_MODULES = YES;
				CLANG_ENABLE_OBJC_ARC = YES;
				CLANG_ENABLE_OBJC_WEAK = YES;
				CLANG_WARN_BLOCK_CAPTURE_AUTORELEASING = YES;
				CLANG_WARN_BOOL_CONVERSION = YES;
				CLANG_WARN_COMMA = YES;
				CLANG_WARN_CONSTANT_CONVERSION = YES;
				CLANG_WARN_DEPRECATED_OBJC_IMPLEMENTATIONS = YES;
				CLANG_WARN_DIRECT_OBJC_ISA_USAGE = YES_ERROR;
				CLANG_WARN_DOCUMENTATION_COMMENTS = YES;
				CLANG_WARN_EMPTY_BODY = YES;
				CLANG_WARN_ENUM_CONVERSION = YES;
				CLANG_WARN_INFINITE_RECURSION = YES;
				CLANG_WARN_INT_CONVERSION = YES;
				CLANG_WARN_NON_LITERAL_NULL_CONVERSION = YES;
				CLANG_WARN_OBJC_IMPLICIT_RETAIN_SELF = YES;
				CLANG_WARN_OBJC_LITERAL_CONVERSION = YES;
				CLANG_WARN_OBJC_ROOT_CLASS = YES_ERROR;
				CLANG_WARN_QUOTED_INCLUDE_IN_FRAMEWORK_HEADER = YES;
				CLANG_WARN_RANGE_LOOP_ANALYSIS = YES;
				CLANG_WARN_STRICT_PROTOTYPES = YES;
				CLANG_WARN_SUSPICIOUS_MOVE = YES;
				CLANG_WARN_UNGUARDED_AVAILABILITY = YES_AGGRESSIVE;
				CLANG_WARN_UNREACHABLE_CODE = YES;
				CLANG_WARN__DUPLICATE_METHOD_MATCH = YES;
				COPY_PHASE_STRIP = NO;
				DEBUG_INFORMATION_FORMAT = "dwarf-with-dsym";
				DEVELOPMENT_TEAM = Y65P3F9A9C;
				ENABLE_NS_ASSERTIONS = NO;
				ENABLE_STRICT_OBJC_MSGSEND = YES;
				ENABLE_USER_SCRIPT_SANDBOXING = YES;
				GCC_C_LANGUAGE_STANDARD = gnu17;
				GCC_NO_COMMON_BLOCKS = YES;
				GCC_WARN_64_TO_32_BIT_CONVERSION = YES;
				GCC_WARN_ABOUT_RETURN_TYPE = YES_ERROR;
				GCC_WARN_UNDECLARED_SELECTOR = YES;
				GCC_WARN_UNINITIALIZED_AUTOS = YES_AGGRESSIVE;
				GCC_WARN_UNUSED_FUNCTION = YES;
				GCC_WARN_UNUSED_VARIABLE = YES;
				IPHONEOS_DEPLOYMENT_TARGET = 18.5;
				LOCALIZATION_PREFERS_STRING_CATALOGS = YES;
				MTL_ENABLE_DEBUG_INFO = NO;
				MTL_FAST_MATH = YES;
				SDKROOT = iphoneos;
				SWIFT_COMPILATION_MODE = wholemodule;
				VALIDATE_PRODUCT = YES;
			};
			name = Release;
		};
		FD5267842E89358600D4D18C /* Debug */ = {
			isa = XCBuildConfiguration;
			buildSettings = {
				ASSETCATALOG_COMPILER_APPICON_NAME = AppIcon;
				ASSETCATALOG_COMPILER_GLOBAL_ACCENT_COLOR_NAME = AccentColor;
				CODE_SIGN_STYLE = Automatic;
				CURRENT_PROJECT_VERSION = 1;
				DEVELOPMENT_TEAM = Y65P3F9A9C;
				ENABLE_PREVIEWS = YES;
				GENERATE_INFOPLIST_FILE = YES;
				INFOPLIST_KEY_UIApplicationSceneManifest_Generation = YES;
				INFOPLIST_KEY_UIApplicationSupportsIndirectInputEvents = YES;
				INFOPLIST_KEY_UILaunchScreen_Generation = YES;
				INFOPLIST_KEY_UISupportedInterfaceOrientations_iPad = "UIInterfaceOrientationPortrait UIInterfaceOrientationPortraitUpsideDown UIInterfaceOrientationLandscapeLeft UIInterfaceOrientationLandscapeRight";
				INFOPLIST_KEY_UISupportedInterfaceOrientations_iPhone = "UIInterfaceOrientationPortrait UIInterfaceOrientationLandscapeLeft UIInterfaceOrientationLandscapeRight";
				LD_RUNPATH_SEARCH_PATHS = (
					"$(inherited)",
					"@executable_path/Frameworks",
				);
				MARKETING_VERSION = 1.0;
				PRODUCT_BUNDLE_IDENTIFIER = com.pjdavis1970.PaulDemo;
				PRODUCT_NAME = "$(TARGET_NAME)";
				SWIFT_EMIT_LOC_STRINGS = YES;
				SWIFT_VERSION = 5.0;
				TARGETED_DEVICE_FAMILY = "1,2";
			};
			name = Debug;
		};
		FD5267852E89358600D4D18C /* Release */ = {
			isa = XCBuildConfiguration;
			buildSettings = {
				ASSETCATALOG_COMPILER_APPICON_NAME = AppIcon;
				ASSETCATALOG_COMPILER_GLOBAL_ACCENT_COLOR_NAME = AccentColor;
				CODE_SIGN_STYLE = Automatic;
				CURRENT_PROJECT_VERSION = 1;
				DEVELOPMENT_TEAM = Y65P3F9A9C;
				ENABLE_PREVIEWS = YES;
				GENERATE_INFOPLIST_FILE = YES;
				INFOPLIST_KEY_UIApplicationSceneManifest_Generation = YES;
				INFOPLIST_KEY_UIApplicationSupportsIndirectInputEvents = YES;
				INFOPLIST_KEY_UILaunchScreen_Generation = YES;
				INFOPLIST_KEY_UISupportedInterfaceOrientations_iPad = "UIInterfaceOrientationPortrait UIInterfaceOrientationPortraitUpsideDown UIInterfaceOrientationLandscapeLeft UIInterfaceOrientationLandscapeRight";
				INFOPLIST_KEY_UISupportedInterfaceOrientations_iPhone = "UIInterfaceOrientationPortrait UIInterfaceOrientationLandscapeLeft UIInterfaceOrientationLandscapeRight";
				LD_RUNPATH_SEARCH_PATHS = (
					"$(inherited)",
					"@executable_path/Frameworks",
				);
				MARKETING_VERSION = 1.0;
				PRODUCT_BUNDLE_IDENTIFIER = com.pjdavis1970.PaulDemo;
				PRODUCT_NAME = "$(TARGET_NAME)";
				SWIFT_EMIT_LOC_STRINGS = YES;
				SWIFT_VERSION = 5.0;
				TARGETED_DEVICE_FAMILY = "1,2";
			};
			name = Release;
		};
		FD5267872E89358600D4D18C /* Debug */ = {
			isa = XCBuildConfiguration;
			buildSettings = {
				BUNDLE_LOADER = "$(TEST_HOST)";
				CODE_SIGN_STYLE = Automatic;
				CURRENT_PROJECT_VERSION = 1;
				DEVELOPMENT_TEAM = Y65P3F9A9C;
				GENERATE_INFOPLIST_FILE = YES;
				IPHONEOS_DEPLOYMENT_TARGET = 18.5;
				MARKETING_VERSION = 1.0;
				PRODUCT_BUNDLE_IDENTIFIER = com.pjdavis1970.PaulDemoTests;
				PRODUCT_NAME = "$(TARGET_NAME)";
				SWIFT_EMIT_LOC_STRINGS = NO;
				SWIFT_VERSION = 5.0;
				TARGETED_DEVICE_FAMILY = "1,2";
				TEST_HOST = "$(BUILT_PRODUCTS_DIR)/PaulDemo.app/$(BUNDLE_EXECUTABLE_FOLDER_PATH)/PaulDemo";
			};
			name = Debug;
		};
		FD5267882E89358600D4D18C /* Release */ = {
			isa = XCBuildConfiguration;
			buildSettings = {
				BUNDLE_LOADER = "$(TEST_HOST)";
				CODE_SIGN_STYLE = Automatic;
				CURRENT_PROJECT_VERSION = 1;
				DEVELOPMENT_TEAM = Y65P3F9A9C;
				GENERATE_INFOPLIST_FILE = YES;
				IPHONEOS_DEPLOYMENT_TARGET = 18.5;
				MARKETING_VERSION = 1.0;
				PRODUCT_BUNDLE_IDENTIFIER = com.pjdavis1970.PaulDemoTests;
				PRODUCT_NAME = "$(TARGET_NAME)";
				SWIFT_EMIT_LOC_STRINGS = NO;
				SWIFT_VERSION = 5.0;
				TARGETED_DEVICE_FAMILY = "1,2";
				TEST_HOST = "$(BUILT_PRODUCTS_DIR)/PaulDemo.app/$(BUNDLE_EXECUTABLE_FOLDER_PATH)/PaulDemo";
			};
			name = Release;
		};
		FD52678A2E89358600D4D18C /* Debug */ = {
			isa = XCBuildConfiguration;
			buildSettings = {
				CODE_SIGN_STYLE = Automatic;
				CURRENT_PROJECT_VERSION = 1;
				DEVELOPMENT_TEAM = Y65P3F9A9C;
				GENERATE_INFOPLIST_FILE = YES;
				MARKETING_VERSION = 1.0;
				PRODUCT_BUNDLE_IDENTIFIER = com.pjdavis1970.PaulDemoUITests;
				PRODUCT_NAME = "$(TARGET_NAME)";
				SWIFT_EMIT_LOC_STRINGS = NO;
				SWIFT_VERSION = 5.0;
				TARGETED_DEVICE_FAMILY = "1,2";
				TEST_TARGET_NAME = PaulDemo;
			};
			name = Debug;
		};
		FD52678B2E89358600D4D18C /* Release */ = {
			isa = XCBuildConfiguration;
			buildSettings = {
				CODE_SIGN_STYLE = Automatic;
				CURRENT_PROJECT_VERSION = 1;
				DEVELOPMENT_TEAM = Y65P3F9A9C;
				GENERATE_INFOPLIST_FILE = YES;
				MARKETING_VERSION = 1.0;
				PRODUCT_BUNDLE_IDENTIFIER = com.pjdavis1970.PaulDemoUITests;
				PRODUCT_NAME = "$(TARGET_NAME)";
				SWIFT_EMIT_LOC_STRINGS = NO;
				SWIFT_VERSION = 5.0;
				TARGETED_DEVICE_FAMILY = "1,2";
				TEST_TARGET_NAME = PaulDemo;
			};
			name = Release;
		};
/* End XCBuildConfiguration section */

/* Begin XCConfigurationList section */
		FD5267582E89358400D4D18C /* Build configuration list for PBXProject "PaulDemo" */ = {
			isa = XCConfigurationList;
			buildConfigurations = (
				FD5267812E89358600D4D18C /* Debug */,
				FD5267822E89358600D4D18C /* Release */,
			);
			defaultConfigurationIsVisible = 0;
			defaultConfigurationName = Release;
		};
		FD5267832E89358600D4D18C /* Build configuration list for PBXNativeTarget "PaulDemo" */ = {
			isa = XCConfigurationList;
			buildConfigurations = (
				FD5267842E89358600D4D18C /* Debug */,
				FD5267852E89358600D4D18C /* Release */,
			);
			defaultConfigurationIsVisible = 0;
			defaultConfigurationName = Release;
		};
		FD5267862E89358600D4D18C /* Build configuration list for PBXNativeTarget "PaulDemoTests" */ = {
			isa = XCConfigurationList;
			buildConfigurations = (
				FD5267872E89358600D4D18C /* Debug */,
				FD5267882E89358600D4D18C /* Release */,
			);
			defaultConfigurationIsVisible = 0;
			defaultConfigurationName = Release;
		};
		FD5267892E89358600D4D18C /* Build configuration list for PBXNativeTarget "PaulDemoUITests" */ = {
			isa = XCConfigurationList;
			buildConfigurations = (
				FD52678A2E89358600D4D18C /* Debug */,
				FD52678B2E89358600D4D18C /* Release */,
			);
			defaultConfigurationIsVisible = 0;
			defaultConfigurationName = Release;
		};
/* End XCConfigurationList section */

/* Begin XCRemoteSwiftPackageReference section */
		FD5267E82E894DEA00D4D18C /* XCRemoteSwiftPackageReference "Kingfisher" */ = {
			isa = XCRemoteSwiftPackageReference;
			repositoryURL = "https://github.com/onevcat/Kingfisher.git";
			requirement = {
				kind = upToNextMajorVersion;
				minimumVersion = 8.5.0;
			};
		};
/* End XCRemoteSwiftPackageReference section */

/* Begin XCSwiftPackageProductDependency section */
		FD5267E92E894E2700D4D18C /* Kingfisher */ = {
			isa = XCSwiftPackageProductDependency;
			package = FD5267E82E894DEA00D4D18C /* XCRemoteSwiftPackageReference "Kingfisher" */;
			productName = Kingfisher;
		};
/* End XCSwiftPackageProductDependency section */
	};
	rootObject = FD5267552E89358400D4D18C /* Project object */;
}
